{
  "name": "mononpm",
  "version": "1.0.0",
  "lockfileVersion": 3,
  "requires": true,
  "packages": {
    "": {
      "name": "mononpm",
      "version": "1.0.0",
      "workspaces": [
        "one",
        "two"
      ],
      "devDependencies": {
        "typescript": "^5.4.5"
      }
    },
    "node_modules/one": {
      "resolved": "one",
      "link": true
    },
    "node_modules/two": {
      "resolved": "two",
      "link": true
    },
    "node_modules/typescript": {
      "version": "5.4.5",
      "resolved": "https://registry.npmjs.org/typescript/-/typescript-5.4.5.tgz",
      "integrity": "sha512-vcI4UpRgg81oIRUFwR0WSIHKt11nJ7SAVlYNIu+QpqeyXP+gpQJy/Z4+F0aGxSE4MqwjyXvW/TzgkLAx2AGHwQ==",
      "dev": true,
      "bin": {
        "tsc": "bin/tsc",
        "tsserver": "bin/tsserver"
      },
      "engines": {
        "node": ">=14.17"
      }
    },
    "one": {
      "version": "1.0.0",
      "dependencies": {
        "two": "^1.0.0"
      }
    },
    "true": {
      "name": "mono-npm",
      "version": "1.0.0",
      "extraneous": true,
      "license": "ISC"
    },
    "two": {
      "version": "1.0.0"
    }
  }
}
