{
  "name": "project-refs",
  "version": "0.0.0",
  "lockfileVersion": 3,
  "requires": true,
  "packages": {
    "": {
      "name": "project-refs",
      "version": "0.0.0",
      "workspaces": [
        "packages/*"
      ],
      "dependencies": {
        "hoisted": "0.0.0"
      }
    },
    "node_modules/chain-a": {
      "resolved": "packages/chain-a",
      "link": true
    },
    "node_modules/chain-b": {
      "resolved": "packages/chain-b",
      "link": true
    },
    "node_modules/chain-c": {
      "resolved": "packages/chain-c",
      "link": true
    },
    "node_modules/custom-app": {
      "resolved": "packages/custom-app",
      "link": true
    },
    "node_modules/custom-lib": {
      "resolved": "packages/custom-lib",
      "link": true
    },
    "node_modules/hoisted": {
      "resolved": "packages/hoisted",
      "link": true
    },
    "node_modules/project-refs-app": {
      "resolved": "packages/app",
      "link": true
    },
    "node_modules/project-refs-lib": {
      "resolved": "packages/lib",
      "link": true
    },
    "packages/app": {
      "name": "project-refs-app",
      "version": "0.0.0",
      "dependencies": {
        "hoisted": "0.0.0",
        "project-refs-lib": "0.0.0"
      }
    },
    "packages/chain-a": {
      "version": "0.0.0",
      "dependencies": {
        "chain-b": "0.0.0"
      }
    },
    "packages/chain-b": {
      "version": "0.0.0",
      "dependencies": {
        "chain-c": "0.0.0"
      }
    },
    "packages/chain-c": {
      "version": "0.0.0"
    },
    "packages/custom-app": {
      "version": "0.0.0",
      "dependencies": {
        "custom-lib": "0.0.0"
      }
    },
    "packages/custom-lib": {
      "version": "0.0.0"
    },
    "packages/hoisted": {
      "version": "0.0.0"
    },
    "packages/lib": {
      "name": "project-refs-lib",
      "version": "0.0.0"
    }
  }
}
